// !$*UTF8*$!
{
	archiveVersion = 1;
	classes = {
	};
	objectVersion = 46;
	objects = {

/* Begin PBXBuildFile section */
		64A3DC173852AE8C036B030E /* Pods.framework in Frameworks */ = {isa = PBXBuildFile; fileRef = BB796EDA7C4FD17A1F4B7C67 /* Pods.framework */; };
		692EC0941C4D2D8200C5B6E3 /* SearchController.swift in Sources */ = {isa = PBXBuildFile; fileRef = 692EC0931C4D2D8200C5B6E3 /* SearchController.swift */; };
		692EC0F81C550E4B00C5B6E3 /* SearchViewController.swift in Sources */ = {isa = PBXBuildFile; fileRef = 692EC0F71C550E4B00C5B6E3 /* SearchViewController.swift */; };
		6930E5161C2BC02000228040 /* AppDelegate.swift in Sources */ = {isa = PBXBuildFile; fileRef = 6930E5151C2BC02000228040 /* AppDelegate.swift */; };
		6930E5181C2BC02000228040 /* ViewController.swift in Sources */ = {isa = PBXBuildFile; fileRef = 6930E5171C2BC02000228040 /* ViewController.swift */; };
		6930E51B1C2BC02000228040 /* Main.storyboard in Resources */ = {isa = PBXBuildFile; fileRef = 6930E5191C2BC02000228040 /* Main.storyboard */; };
		6930E51D1C2BC02000228040 /* Assets.xcassets in Resources */ = {isa = PBXBuildFile; fileRef = 6930E51C1C2BC02000228040 /* Assets.xcassets */; };
		6930E5201C2BC02000228040 /* LaunchScreen.storyboard in Resources */ = {isa = PBXBuildFile; fileRef = 6930E51E1C2BC02000228040 /* LaunchScreen.storyboard */; };
		695488431C3B5DE100033887 /* SelectAreaViewController.swift in Sources */ = {isa = PBXBuildFile; fileRef = 695488421C3B5DE100033887 /* SelectAreaViewController.swift */; };
		695488451C3D02D100033887 /* SelectPrefViewController.swift in Sources */ = {isa = PBXBuildFile; fileRef = 695488441C3D02D100033887 /* SelectPrefViewController.swift */; };
		695488651C3E229400033887 /* SelectGAreaLargeViewController.swift in Sources */ = {isa = PBXBuildFile; fileRef = 695488641C3E229300033887 /* SelectGAreaLargeViewController.swift */; };
		695974101C2D237C00CE3E4D /* Config.swift in Sources */ = {isa = PBXBuildFile; fileRef = 6959740F1C2D237C00CE3E4D /* Config.swift */; };
		697DB0001C3E64EF0083601C /* CustomCellFreeWord.swift in Sources */ = {isa = PBXBuildFile; fileRef = 697DAFFE1C3E64EF0083601C /* CustomCellFreeWord.swift */; };
		697DB0011C3E64EF0083601C /* CustomCellFreeWord.xib in Resources */ = {isa = PBXBuildFile; fileRef = 697DAFFF1C3E64EF0083601C /* CustomCellFreeWord.xib */; };
		6981AD251C4363E000535295 /* SearchModel.swift in Sources */ = {isa = PBXBuildFile; fileRef = 6981AD241C4363E000535295 /* SearchModel.swift */; };
		69D2006D1C5CEA6900011E43 /* SearchResult.swift in Sources */ = {isa = PBXBuildFile; fileRef = 69D2006C1C5CEA6900011E43 /* SearchResult.swift */; };
		69D200711C5CEE4600011E43 /* SearchDetailViewController.swift in Sources */ = {isa = PBXBuildFile; fileRef = 69D200701C5CEE4600011E43 /* SearchDetailViewController.swift */; };
		69F8277C1C47F4C4009C9D51 /* SelectGAreaMiddleViewController.swift in Sources */ = {isa = PBXBuildFile; fileRef = 69F8277B1C47F4C4009C9D51 /* SelectGAreaMiddleViewController.swift */; };
		69F8277E1C493E73009C9D51 /* SelectGAreaSmallViewController.swift in Sources */ = {isa = PBXBuildFile; fileRef = 69F8277D1C493E73009C9D51 /* SelectGAreaSmallViewController.swift */; };
/* End PBXBuildFile section */

/* Begin PBXFileReference section */
		0258C9A6697EDA9672629D2F /* Pods.release.xcconfig */ = {isa = PBXFileReference; includeInIndex = 1; lastKnownFileType = text.xcconfig; name = Pods.release.xcconfig; path = "Pods/Target Support Files/Pods/Pods.release.xcconfig"; sourceTree = "<group>"; };
		692EC0931C4D2D8200C5B6E3 /* SearchController.swift */ = {isa = PBXFileReference; fileEncoding = 4; lastKnownFileType = sourcecode.swift; path = SearchController.swift; sourceTree = "<group>"; };
		692EC0F71C550E4B00C5B6E3 /* SearchViewController.swift */ = {isa = PBXFileReference; fileEncoding = 4; lastKnownFileType = sourcecode.swift; path = SearchViewController.swift; sourceTree = "<group>"; };
		6930E5121C2BC02000228040 /* apiTest.app */ = {isa = PBXFileReference; explicitFileType = wrapper.application; includeInIndex = 0; path = apiTest.app; sourceTree = BUILT_PRODUCTS_DIR; };
		6930E5151C2BC02000228040 /* AppDelegate.swift */ = {isa = PBXFileReference; lastKnownFileType = sourcecode.swift; path = AppDelegate.swift; sourceTree = "<group>"; };
		6930E5171C2BC02000228040 /* ViewController.swift */ = {isa = PBXFileReference; lastKnownFileType = sourcecode.swift; path = ViewController.swift; sourceTree = "<group>"; };
		6930E51A1C2BC02000228040 /* Base */ = {isa = PBXFileReference; lastKnownFileType = file.storyboard; name = Base; path = Base.lproj/Main.storyboard; sourceTree = "<group>"; };
		6930E51C1C2BC02000228040 /* Assets.xcassets */ = {isa = PBXFileReference; lastKnownFileType = folder.assetcatalog; path = Assets.xcassets; sourceTree = "<group>"; };
		6930E51F1C2BC02000228040 /* Base */ = {isa = PBXFileReference; lastKnownFileType = file.storyboard; name = Base; path = Base.lproj/LaunchScreen.storyboard; sourceTree = "<group>"; };
		6930E5211C2BC02000228040 /* Info.plist */ = {isa = PBXFileReference; lastKnownFileType = text.plist.xml; path = Info.plist; sourceTree = "<group>"; };
		695488421C3B5DE100033887 /* SelectAreaViewController.swift */ = {isa = PBXFileReference; fileEncoding = 4; lastKnownFileType = sourcecode.swift; path = SelectAreaViewController.swift; sourceTree = "<group>"; };
		695488441C3D02D100033887 /* SelectPrefViewController.swift */ = {isa = PBXFileReference; fileEncoding = 4; lastKnownFileType = sourcecode.swift; path = SelectPrefViewController.swift; sourceTree = "<group>"; };
		695488641C3E229300033887 /* SelectGAreaLargeViewController.swift */ = {isa = PBXFileReference; fileEncoding = 4; lastKnownFileType = sourcecode.swift; path = SelectGAreaLargeViewController.swift; sourceTree = "<group>"; };
		6959740F1C2D237C00CE3E4D /* Config.swift */ = {isa = PBXFileReference; fileEncoding = 4; lastKnownFileType = sourcecode.swift; path = Config.swift; sourceTree = "<group>"; };
		697DAFFE1C3E64EF0083601C /* CustomCellFreeWord.swift */ = {isa = PBXFileReference; fileEncoding = 4; lastKnownFileType = sourcecode.swift; path = CustomCellFreeWord.swift; sourceTree = "<group>"; };
		697DAFFF1C3E64EF0083601C /* CustomCellFreeWord.xib */ = {isa = PBXFileReference; fileEncoding = 4; lastKnownFileType = file.xib; path = CustomCellFreeWord.xib; sourceTree = "<group>"; };
		6981AD241C4363E000535295 /* SearchModel.swift */ = {isa = PBXFileReference; fileEncoding = 4; lastKnownFileType = sourcecode.swift; path = SearchModel.swift; sourceTree = "<group>"; };
		69D2006C1C5CEA6900011E43 /* SearchResult.swift */ = {isa = PBXFileReference; fileEncoding = 4; lastKnownFileType = sourcecode.swift; path = SearchResult.swift; sourceTree = "<group>"; };
		69D200701C5CEE4600011E43 /* SearchDetailViewController.swift */ = {isa = PBXFileReference; fileEncoding = 4; lastKnownFileType = sourcecode.swift; path = SearchDetailViewController.swift; sourceTree = "<group>"; };
		69F8277B1C47F4C4009C9D51 /* SelectGAreaMiddleViewController.swift */ = {isa = PBXFileReference; fileEncoding = 4; lastKnownFileType = sourcecode.swift; path = SelectGAreaMiddleViewController.swift; sourceTree = "<group>"; };
		69F8277D1C493E73009C9D51 /* SelectGAreaSmallViewController.swift */ = {isa = PBXFileReference; fileEncoding = 4; lastKnownFileType = sourcecode.swift; path = SelectGAreaSmallViewController.swift; sourceTree = "<group>"; };
		BB796EDA7C4FD17A1F4B7C67 /* Pods.framework */ = {isa = PBXFileReference; explicitFileType = wrapper.framework; includeInIndex = 0; path = Pods.framework; sourceTree = BUILT_PRODUCTS_DIR; };
		D796203D79DB2DB892AAAACF /* Pods.debug.xcconfig */ = {isa = PBXFileReference; includeInIndex = 1; lastKnownFileType = text.xcconfig; name = Pods.debug.xcconfig; path = "Pods/Target Support Files/Pods/Pods.debug.xcconfig"; sourceTree = "<group>"; };
/* End PBXFileReference section */

/* Begin PBXFrameworksBuildPhase section */
		6930E50F1C2BC02000228040 /* Frameworks */ = {
			isa = PBXFrameworksBuildPhase;
			buildActionMask = 2147483647;
			files = (
				64A3DC173852AE8C036B030E /* Pods.framework in Frameworks */,
			);
			runOnlyForDeploymentPostprocessing = 0;
		};
/* End PBXFrameworksBuildPhase section */

/* Begin PBXGroup section */
		3F422524CD77115A0958132A /* Frameworks */ = {
			isa = PBXGroup;
			children = (
				BB796EDA7C4FD17A1F4B7C67 /* Pods.framework */,
			);
			name = Frameworks;
			sourceTree = "<group>";
		};
		6930E5091C2BC02000228040 = {
			isa = PBXGroup;
			children = (
				6930E5141C2BC02000228040 /* apiTest */,
				6930E5131C2BC02000228040 /* Products */,
				6FB11AC753FB5DFC659E4D64 /* Pods */,
				3F422524CD77115A0958132A /* Frameworks */,
			);
			sourceTree = "<group>";
		};
		6930E5131C2BC02000228040 /* Products */ = {
			isa = PBXGroup;
			children = (
				6930E5121C2BC02000228040 /* apiTest.app */,
			);
			name = Products;
			sourceTree = "<group>";
		};
		6930E5141C2BC02000228040 /* apiTest */ = {
			isa = PBXGroup;
			children = (
				6930E5151C2BC02000228040 /* AppDelegate.swift */,
				6959740F1C2D237C00CE3E4D /* Config.swift */,
				6981AD241C4363E000535295 /* SearchModel.swift */,
				69D2006C1C5CEA6900011E43 /* SearchResult.swift */,
				692EC0931C4D2D8200C5B6E3 /* SearchController.swift */,
				6930E5171C2BC02000228040 /* ViewController.swift */,
				692EC0F71C550E4B00C5B6E3 /* SearchViewController.swift */,
				69D200701C5CEE4600011E43 /* SearchDetailViewController.swift */,
				695488421C3B5DE100033887 /* SelectAreaViewController.swift */,
				695488441C3D02D100033887 /* SelectPrefViewController.swift */,
				695488641C3E229300033887 /* SelectGAreaLargeViewController.swift */,
				69F8277B1C47F4C4009C9D51 /* SelectGAreaMiddleViewController.swift */,
				69F8277D1C493E73009C9D51 /* SelectGAreaSmallViewController.swift */,
				6930E5191C2BC02000228040 /* Main.storyboard */,
				697DAFFF1C3E64EF0083601C /* CustomCellFreeWord.xib */,
				697DAFFE1C3E64EF0083601C /* CustomCellFreeWord.swift */,
				6930E51C1C2BC02000228040 /* Assets.xcassets */,
				6930E51E1C2BC02000228040 /* LaunchScreen.storyboard */,
				6930E5211C2BC02000228040 /* Info.plist */,
			);
			path = apiTest;
			sourceTree = "<group>";
		};
		6FB11AC753FB5DFC659E4D64 /* Pods */ = {
			isa = PBXGroup;
			children = (
				D796203D79DB2DB892AAAACF /* Pods.debug.xcconfig */,
				0258C9A6697EDA9672629D2F /* Pods.release.xcconfig */,
			);
			name = Pods;
			sourceTree = "<group>";
		};
/* End PBXGroup section */

/* Begin PBXNativeTarget section */
		6930E5111C2BC02000228040 /* apiTest */ = {
			isa = PBXNativeTarget;
			buildConfigurationList = 6930E5241C2BC02000228040 /* Build configuration list for PBXNativeTarget "apiTest" */;
			buildPhases = (
				B52E34004544B87F4F9EE775 /* Check Pods Manifest.lock */,
				6930E50E1C2BC02000228040 /* Sources */,
				6930E50F1C2BC02000228040 /* Frameworks */,
				6930E5101C2BC02000228040 /* Resources */,
				71BA4B6C6BD5B8684B709E6F /* Embed Pods Frameworks */,
				1009F09D9DD252371F311F4C /* Copy Pods Resources */,
			);
			buildRules = (
			);
			dependencies = (
			);
			name = apiTest;
			productName = apiTest;
			productReference = 6930E5121C2BC02000228040 /* apiTest.app */;
			productType = "com.apple.product-type.application";
		};
/* End PBXNativeTarget section */

/* Begin PBXProject section */
		6930E50A1C2BC02000228040 /* Project object */ = {
			isa = PBXProject;
			attributes = {
				LastSwiftUpdateCheck = 0720;
				LastUpgradeCheck = 0720;
				ORGANIZATIONNAME = "shinichiro yamamoto";
				TargetAttributes = {
					6930E5111C2BC02000228040 = {
						CreatedOnToolsVersion = 7.2;
						DevelopmentTeam = J9SWLCATR5;
					};
				};
			};
			buildConfigurationList = 6930E50D1C2BC02000228040 /* Build configuration list for PBXProject "apiTest" */;
			compatibilityVersion = "Xcode 3.2";
			developmentRegion = English;
			hasScannedForEncodings = 0;
			knownRegions = (
				en,
				Base,
			);
			mainGroup = 6930E5091C2BC02000228040;
			productRefGroup = 6930E5131C2BC02000228040 /* Products */;
			projectDirPath = "";
			projectRoot = "";
			targets = (
				6930E5111C2BC02000228040 /* apiTest */,
			);
		};
/* End PBXProject section */

/* Begin PBXResourcesBuildPhase section */
		6930E5101C2BC02000228040 /* Resources */ = {
			isa = PBXResourcesBuildPhase;
			buildActionMask = 2147483647;
			files = (
				697DB0011C3E64EF0083601C /* CustomCellFreeWord.xib in Resources */,
				6930E5201C2BC02000228040 /* LaunchScreen.storyboard in Resources */,
				6930E51D1C2BC02000228040 /* Assets.xcassets in Resources */,
				6930E51B1C2BC02000228040 /* Main.storyboard in Resources */,
			);
			runOnlyForDeploymentPostprocessing = 0;
		};
/* End PBXResourcesBuildPhase section */

/* Begin PBXShellScriptBuildPhase section */
		1009F09D9DD252371F311F4C /* Copy Pods Resources */ = {
			isa = PBXShellScriptBuildPhase;
			buildActionMask = 2147483647;
			files = (
			);
			inputPaths = (
			);
			name = "Copy Pods Resources";
			outputPaths = (
			);
			runOnlyForDeploymentPostprocessing = 0;
			shellPath = /bin/sh;
			shellScript = "\"${SRCROOT}/Pods/Target Support Files/Pods/Pods-resources.sh\"\n";
			showEnvVarsInLog = 0;
		};
		71BA4B6C6BD5B8684B709E6F /* Embed Pods Frameworks */ = {
			isa = PBXShellScriptBuildPhase;
			buildActionMask = 2147483647;
			files = (
			);
			inputPaths = (
			);
			name = "Embed Pods Frameworks";
			outputPaths = (
			);
			runOnlyForDeploymentPostprocessing = 0;
			shellPath = /bin/sh;
			shellScript = "\"${SRCROOT}/Pods/Target Support Files/Pods/Pods-frameworks.sh\"\n";
			showEnvVarsInLog = 0;
		};
		B52E34004544B87F4F9EE775 /* Check Pods Manifest.lock */ = {
			isa = PBXShellScriptBuildPhase;
			buildActionMask = 2147483647;
			files = (
			);
			inputPaths = (
			);
			name = "Check Pods Manifest.lock";
			outputPaths = (
			);
			runOnlyForDeploymentPostprocessing = 0;
			shellPath = /bin/sh;
			shellScript = "diff \"${PODS_ROOT}/../Podfile.lock\" \"${PODS_ROOT}/Manifest.lock\" > /dev/null\nif [[ $? != 0 ]] ; then\n    cat << EOM\nerror: The sandbox is not in sync with the Podfile.lock. Run 'pod install' or update your CocoaPods installation.\nEOM\n    exit 1\nfi\n";
			showEnvVarsInLog = 0;
		};
/* End PBXShellScriptBuildPhase section */

/* Begin PBXSourcesBuildPhase section */
		6930E50E1C2BC02000228040 /* Sources */ = {
			isa = PBXSourcesBuildPhase;
			buildActionMask = 2147483647;
			files = (
				69D200711C5CEE4600011E43 /* SearchDetailViewController.swift in Sources */,
				69F8277C1C47F4C4009C9D51 /* SelectGAreaMiddleViewController.swift in Sources */,
				6930E5181C2BC02000228040 /* ViewController.swift in Sources */,
				695488451C3D02D100033887 /* SelectPrefViewController.swift in Sources */,
				695488431C3B5DE100033887 /* SelectAreaViewController.swift in Sources */,
				6981AD251C4363E000535295 /* SearchModel.swift in Sources */,
				695488651C3E229400033887 /* SelectGAreaLargeViewController.swift in Sources */,
				692EC0F81C550E4B00C5B6E3 /* SearchViewController.swift in Sources */,
				69D2006D1C5CEA6900011E43 /* SearchResult.swift in Sources */,
				6930E5161C2BC02000228040 /* AppDelegate.swift in Sources */,
				695974101C2D237C00CE3E4D /* Config.swift in Sources */,
				692EC0941C4D2D8200C5B6E3 /* SearchController.swift in Sources */,
				697DB0001C3E64EF0083601C /* CustomCellFreeWord.swift in Sources */,
				69F8277E1C493E73009C9D51 /* SelectGAreaSmallViewController.swift in Sources */,
			);
			runOnlyForDeploymentPostprocessing = 0;
		};
/* End PBXSourcesBuildPhase section */

/* Begin PBXVariantGroup section */
		6930E5191C2BC02000228040 /* Main.storyboard */ = {
			isa = PBXVariantGroup;
			children = (
				6930E51A1C2BC02000228040 /* Base */,
			);
			name = Main.storyboard;
			sourceTree = "<group>";
		};
		6930E51E1C2BC02000228040 /* LaunchScreen.storyboard */ = {
			isa = PBXVariantGroup;
			children = (
				6930E51F1C2BC02000228040 /* Base */,
			);
			name = LaunchScreen.storyboard;
			sourceTree = "<group>";
		};
/* End PBXVariantGroup section */

/* Begin XCBuildConfiguration section */
		6930E5221C2BC02000228040 /* Debug */ = {
			isa = XCBuildConfiguration;
			buildSettings = {
				ALWAYS_SEARCH_USER_PATHS = NO;
				CLANG_CXX_LANGUAGE_STANDARD = "gnu++0x";
				CLANG_CXX_LIBRARY = "libc++";
				CLANG_ENABLE_MODULES = YES;
				CLANG_ENABLE_OBJC_ARC = YES;
				CLANG_WARN_BOOL_CONVERSION = YES;
				CLANG_WARN_CONSTANT_CONVERSION = YES;
				CLANG_WARN_DIRECT_OBJC_ISA_USAGE = YES_ERROR;
				CLANG_WARN_EMPTY_BODY = YES;
				CLANG_WARN_ENUM_CONVERSION = YES;
				CLANG_WARN_INT_CONVERSION = YES;
				CLANG_WARN_OBJC_ROOT_CLASS = YES_ERROR;
				CLANG_WARN_UNREACHABLE_CODE = YES;
				CLANG_WARN__DUPLICATE_METHOD_MATCH = YES;
				"CODE_SIGN_IDENTITY[sdk=iphoneos*]" = "iPhone Developer";
				COPY_PHASE_STRIP = NO;
				DEBUG_INFORMATION_FORMAT = dwarf;
				ENABLE_STRICT_OBJC_MSGSEND = YES;
				ENABLE_TESTABILITY = YES;
				GCC_C_LANGUAGE_STANDARD = gnu99;
				GCC_DYNAMIC_NO_PIC = NO;
				GCC_NO_COMMON_BLOCKS = YES;
				GCC_OPTIMIZATION_LEVEL = 0;
				GCC_PREPROCESSOR_DEFINITIONS = (
					"DEBUG=1",
					"$(inherited)",
				);
				GCC_WARN_64_TO_32_BIT_CONVERSION = YES;
				GCC_WARN_ABOUT_RETURN_TYPE = YES_ERROR;
				GCC_WARN_UNDECLARED_SELECTOR = YES;
				GCC_WARN_UNINITIALIZED_AUTOS = YES_AGGRESSIVE;
				GCC_WARN_UNUSED_FUNCTION = YES;
				GCC_WARN_UNUSED_VARIABLE = YES;
				IPHONEOS_DEPLOYMENT_TARGET = 9.2;
				MTL_ENABLE_DEBUG_INFO = YES;
				ONLY_ACTIVE_ARCH = YES;
				SDKROOT = iphoneos;
				SWIFT_OPTIMIZATION_LEVEL = "-Onone";
			};
			name = Debug;
		};
		6930E5231C2BC02000228040 /* Release */ = {
			isa = XCBuildConfiguration;
			buildSettings = {
				ALWAYS_SEARCH_USER_PATHS = NO;
				CLANG_CXX_LANGUAGE_STANDARD = "gnu++0x";
				CLANG_CXX_LIBRARY = "libc++";
				CLANG_ENABLE_MODULES = YES;
				CLANG_ENABLE_OBJC_ARC = YES;
				CLANG_WARN_BOOL_CONVERSION = YES;
				CLANG_WARN_CONSTANT_CONVERSION = YES;
				CLANG_WARN_DIRECT_OBJC_ISA_USAGE = YES_ERROR;
				CLANG_WARN_EMPTY_BODY = YES;
				CLANG_WARN_ENUM_CONVERSION = YES;
				CLANG_WARN_INT_CONVERSION = YES;
				CLANG_WARN_OBJC_ROOT_CLASS = YES_ERROR;
				CLANG_WARN_UNREACHABLE_CODE = YES;
				CLANG_WARN__DUPLICATE_METHOD_MATCH = YES;
				CODE_SIGN_IDENTITY = "iPhone Distribution";
				"CODE_SIGN_IDENTITY[sdk=iphoneos*]" = "iPhone Distribution";
				COPY_PHASE_STRIP = NO;
				DEBUG_INFORMATION_FORMAT = "dwarf-with-dsym";
				ENABLE_NS_ASSERTIONS = NO;
				ENABLE_STRICT_OBJC_MSGSEND = YES;
				GCC_C_LANGUAGE_STANDARD = gnu99;
				GCC_NO_COMMON_BLOCKS = YES;
				GCC_WARN_64_TO_32_BIT_CONVERSION = YES;
				GCC_WARN_ABOUT_RETURN_TYPE = YES_ERROR;
				GCC_WARN_UNDECLARED_SELECTOR = YES;
				GCC_WARN_UNINITIALIZED_AUTOS = YES_AGGRESSIVE;
				GCC_WARN_UNUSED_FUNCTION = YES;
				GCC_WARN_UNUSED_VARIABLE = YES;
				IPHONEOS_DEPLOYMENT_TARGET = 9.2;
				MTL_ENABLE_DEBUG_INFO = NO;
				SDKROOT = iphoneos;
				VALIDATE_PRODUCT = YES;
			};
			name = Release;
		};
		6930E5251C2BC02000228040 /* Debug */ = {
			isa = XCBuildConfiguration;
			baseConfigurationReference = D796203D79DB2DB892AAAACF /* Pods.debug.xcconfig */;
			buildSettings = {
				ASSETCATALOG_COMPILER_APPICON_NAME = AppIcon;
				CODE_SIGN_IDENTITY = "iPhone Developer";
				INFOPLIST_FILE = apiTest/Info.plist;
				LD_RUNPATH_SEARCH_PATHS = "$(inherited) @executable_path/Frameworks";
				PRODUCT_BUNDLE_IDENTIFIER = crhios;
				PRODUCT_NAME = "$(TARGET_NAME)";
			};
			name = Debug;
		};
		6930E5261C2BC02000228040 /* Release */ = {
			isa = XCBuildConfiguration;
			baseConfigurationReference = 0258C9A6697EDA9672629D2F /* Pods.release.xcconfig */;
			buildSettings = {
				ASSETCATALOG_COMPILER_APPICON_NAME = AppIcon;
				CODE_SIGN_IDENTITY = "iPhone Distribution";
				INFOPLIST_FILE = apiTest/Info.plist;
				LD_RUNPATH_SEARCH_PATHS = "$(inherited) @executable_path/Frameworks";
				PRODUCT_BUNDLE_IDENTIFIER = crhios;
				PRODUCT_NAME = "$(TARGET_NAME)";
			};
			name = Release;
		};
/* End XCBuildConfiguration section */

/* Begin XCConfigurationList section */
		6930E50D1C2BC02000228040 /* Build configuration list for PBXProject "apiTest" */ = {
			isa = XCConfigurationList;
			buildConfigurations = (
				6930E5221C2BC02000228040 /* Debug */,
				6930E5231C2BC02000228040 /* Release */,
			);
			defaultConfigurationIsVisible = 0;
			defaultConfigurationName = Release;
		};
		6930E5241C2BC02000228040 /* Build configuration list for PBXNativeTarget "apiTest" */ = {
			isa = XCConfigurationList;
			buildConfigurations = (
				6930E5251C2BC02000228040 /* Debug */,
				6930E5261C2BC02000228040 /* Release */,
			);
			defaultConfigurationIsVisible = 0;
			defaultConfigurationName = Release;
		};
/* End XCConfigurationList section */
	};
	rootObject = 6930E50A1C2BC02000228040 /* Project object */;
}
